#
# This file is autogenerated by pip-compile with Python 3.12
# by the following command:
#
#    pip-compile --annotation-style=line --no-emit-index-url --output-file=requirements.lock --strip-extras pyproject.toml
#
altair==6.0.0             # via streamlit
attrs==26.1.0             # via jsonschema, referencing
blinker==1.9.0            # via streamlit
cachetools==7.0.5         # via streamlit
certifi==2026.2.25        # via requests
cffi==2.0.0               # via cryptography
charset-normalizer==3.4.6  # via requests
choreographer==1.2.1      # via kaleido
click==8.3.1              # via streamlit
cryptography==46.0.6      # via agile-mc (pyproject.toml)
gitdb==4.0.12             # via gitpython
gitpython==3.1.46         # via streamlit
idna==3.11                # via requests
iniconfig==2.3.0          # via pytest
jinja2==3.1.6             # via altair, pydeck
jsonschema==4.26.0        # via altair
jsonschema-specifications==2025.9.1  # via jsonschema
kaleido==1.2.0            # via agile-mc (pyproject.toml)
logistro==2.0.1           # via choreographer, kaleido
markupsafe==3.0.3         # via jinja2
narwhals==2.18.1          # via altair, plotly
numpy==2.4.4              # via agile-mc (pyproject.toml), pandas, pydeck, streamlit
orjson==3.11.8            # via kaleido
packaging==26.0           # via altair, kaleido, plotly, pytest, streamlit
pandas==3.0.2             # via agile-mc (pyproject.toml), streamlit
pillow==12.2.0            # via streamlit
plotly==6.6.0             # via agile-mc (pyproject.toml)
pluggy==1.6.0             # via pytest
protobuf==7.34.1          # via streamlit
pyarrow==23.0.1           # via streamlit
pycparser==3.0            # via cffi
pydeck==0.9.1             # via streamlit
pygments==2.20.0          # via pytest
pytest==9.0.2             # via pytest-timeout
pytest-timeout==2.4.0     # via kaleido
python-dateutil==2.9.0.post0  # via agile-mc (pyproject.toml), pandas
referencing==0.37.0       # via jsonschema, jsonschema-specifications
requests==2.33.1          # via agile-mc (pyproject.toml), streamlit
rpds-py==0.30.0           # via jsonschema, referencing
simplejson==3.20.2        # via choreographer
six==1.17.0               # via python-dateutil
smmap==5.0.3              # via gitdb
streamlit==1.56.0         # via agile-mc (pyproject.toml)
tenacity==9.1.4           # via streamlit
toml==0.10.2              # via streamlit
tornado==6.5.5            # via streamlit
typing-extensions==4.15.0  # via altair, referencing, streamlit
urllib3==2.6.3            # via requests
watchdog==6.0.0           # via streamlit
